{
  "object": {
    "pins": [
      {
        "package": "MultiPicker",
        "repositoryURL": "https://github.com/anikaseibezeder/MultiPicker",
        "state": {
          "branch": "main",
          "revision": "aaf3fccbeef94d784e4340dad00cc3eda787a10b",
          "version": null
        }
      }
    ]
  },
  "version": 1
}
