{
  "object": {
    "pins": [
      {
        "package": "MultiPicker",
        "repositoryURL": "https://github.com/anikaseibezeder/MultiPicker",
        "state": {
          "branch": null,
          "revision": "2d053faaefce50cc4b1d280baaa43263a40aec67",
          "version": "0.0.1"
        }
      }
    ]
  },
  "version": 1
}
